// !$*UTF8*$!
{
	archiveVersion = 1;
	classes = {
	};
	objectVersion = 46;
	objects = {

/* Begin PBXBuildFile section */
		E0438F7416007D86009B2BA6 /* UIKit.framework in Frameworks */ = {isa = PBXBuildFile; fileRef = E0438F7316007D86009B2BA6 /* UIKit.framework */; };
		E0438F7616007D86009B2BA6 /* Foundation.framework in Frameworks */ = {isa = PBXBuildFile; fileRef = E0438F7516007D86009B2BA6 /* Foundation.framework */; };
		E0438F7816007D86009B2BA6 /* CoreGraphics.framework in Frameworks */ = {isa = PBXBuildFile; fileRef = E0438F7716007D86009B2BA6 /* CoreGraphics.framework */; };
		E0438F7E16007D86009B2BA6 /* InfoPlist.strings in Resources */ = {isa = PBXBuildFile; fileRef = E0438F7C16007D86009B2BA6 /* InfoPlist.strings */; };
		E0438F8016007D86009B2BA6 /* main.m in Sources */ = {isa = PBXBuildFile; fileRef = E0438F7F16007D86009B2BA6 /* main.m */; };
		E0438F8416007D86009B2BA6 /* AppDelegate.m in Sources */ = {isa = PBXBuildFile; fileRef = E0438F8316007D86009B2BA6 /* AppDelegate.m */; };
		E0438F9216007E8D009B2BA6 /* YouTubeManager.m in Sources */ = {isa = PBXBuildFile; fileRef = E0438F9116007E8D009B2BA6 /* YouTubeManager.m */; };
		E0438F9616007EA3009B2BA6 /* YouTubeVideo.m in Sources */ = {isa = PBXBuildFile; fileRef = E0438F9516007EA3009B2BA6 /* YouTubeVideo.m */; };
		E0438F9916007F98009B2BA6 /* DownloadManager.m in Sources */ = {isa = PBXBuildFile; fileRef = E0438F9816007F98009B2BA6 /* DownloadManager.m */; };
		E0438F9C16007FA7009B2BA6 /* DownloadOperation.m in Sources */ = {isa = PBXBuildFile; fileRef = E0438F9B16007FA7009B2BA6 /* DownloadOperation.m */; };
		E0438FBD160090D6009B2BA6 /* YouTubeViewController.m in Sources */ = {isa = PBXBuildFile; fileRef = E0438FBB160090D6009B2BA6 /* YouTubeViewController.m */; };
		E0438FBE160090D6009B2BA6 /* YouTubeViewController.xib in Resources */ = {isa = PBXBuildFile; fileRef = E0438FBC160090D6009B2BA6 /* YouTubeViewController.xib */; };
		E0438FC3160092B0009B2BA6 /* LocalFileViewController.m in Sources */ = {isa = PBXBuildFile; fileRef = E0438FC1160092B0009B2BA6 /* LocalFileViewController.m */; };
		E0438FC4160092B0009B2BA6 /* LocalFileViewController.xib in Resources */ = {isa = PBXBuildFile; fileRef = E0438FC2160092B0009B2BA6 /* LocalFileViewController.xib */; };
		E0438FC816009C17009B2BA6 /* File.json in Resources */ = {isa = PBXBuildFile; fileRef = E0438FC716009C17009B2BA6 /* File.json */; };
		E0438FD016009F3B009B2BA6 /* LBYouTubePlayerController.m in Sources */ = {isa = PBXBuildFile; fileRef = E0438FCD16009F3B009B2BA6 /* LBYouTubePlayerController.m */; };
		E0438FD116009F3B009B2BA6 /* LBYouTubePlayerViewController.m in Sources */ = {isa = PBXBuildFile; fileRef = E0438FCF16009F3B009B2BA6 /* LBYouTubePlayerViewController.m */; };
		E0438FD816009FBB009B2BA6 /* CHANGELOG.md in Resources */ = {isa = PBXBuildFile; fileRef = E0438FD416009FBB009B2BA6 /* CHANGELOG.md */; };
		E0438FD916009FBB009B2BA6 /* JSONKit.m in Sources */ = {isa = PBXBuildFile; fileRef = E0438FD616009FBB009B2BA6 /* JSONKit.m */; settings = {COMPILER_FLAGS = "-fno-objc-arc"; }; };
		E0438FDA16009FBB009B2BA6 /* README.md in Resources */ = {isa = PBXBuildFile; fileRef = E0438FD716009FBB009B2BA6 /* README.md */; };
		E0438FDC16009FE8009B2BA6 /* MediaPlayer.framework in Frameworks */ = {isa = PBXBuildFile; fileRef = E0438FDB16009FE8009B2BA6 /* MediaPlayer.framework */; };
		E04CD620161C599500B74BA7 /* DebuggerViewController.m in Sources */ = {isa = PBXBuildFile; fileRef = E04CD61F161C599500B74BA7 /* DebuggerViewController.m */; };
		E04CD624161C59AD00B74BA7 /* DebuggerDetailViewController.m in Sources */ = {isa = PBXBuildFile; fileRef = E04CD622161C59AD00B74BA7 /* DebuggerDetailViewController.m */; };
		E04CD625161C59AD00B74BA7 /* DebuggerDetailViewController.xib in Resources */ = {isa = PBXBuildFile; fileRef = E04CD623161C59AD00B74BA7 /* DebuggerDetailViewController.xib */; };
		E08825E7163847B700245078 /* SampleLoadViewController.m in Sources */ = {isa = PBXBuildFile; fileRef = E08825E6163847B700245078 /* SampleLoadViewController.m */; };
		E08825E9163847DA00245078 /* SampleLoad.json in Resources */ = {isa = PBXBuildFile; fileRef = E08825E8163847DA00245078 /* SampleLoad.json */; };
		E08825EC16384B3800245078 /* Contact.m in Sources */ = {isa = PBXBuildFile; fileRef = E08825EB16384B3800245078 /* Contact.m */; };
		E0AB10F3161B126700FCC53C /* PerformancesViewController.m in Sources */ = {isa = PBXBuildFile; fileRef = E0AB10F2161B126700FCC53C /* PerformancesViewController.m */; };
		E0AB10F7161B128900FCC53C /* PerformanceCell.m in Sources */ = {isa = PBXBuildFile; fileRef = E0AB10F6161B128900FCC53C /* PerformanceCell.m */; };
		E0BA0D68161A4ACF00CA32D5 /* WineViewController.m in Sources */ = {isa = PBXBuildFile; fileRef = E0BA0D67161A4ACF00CA32D5 /* WineViewController.m */; };
		E0BA0D70161A4DFA00CA32D5 /* iCarousel.m in Sources */ = {isa = PBXBuildFile; fileRef = E0BA0D6F161A4DFA00CA32D5 /* iCarousel.m */; };
		E0BA0D72161A4E0800CA32D5 /* QuartzCore.framework in Frameworks */ = {isa = PBXBuildFile; fileRef = E0BA0D71161A4E0800CA32D5 /* QuartzCore.framework */; };
		E0BA0D75161A4F7B00CA32D5 /* bouteille.png in Resources */ = {isa = PBXBuildFile; fileRef = E0BA0D73161A4F7B00CA32D5 /* bouteille.png */; };
		E0BA0D76161A4F7B00CA32D5 /* bouteille@2x.png in Resources */ = {isa = PBXBuildFile; fileRef = E0BA0D74161A4F7B00CA32D5 /* bouteille@2x.png */; };
/* End PBXBuildFile section */

/* Begin PBXFileReference section */
		E0438F6F16007D86009B2BA6 /* MSToolTips.app */ = {isa = PBXFileReference; explicitFileType = wrapper.application; includeInIndex = 0; path = MSToolTips.app; sourceTree = BUILT_PRODUCTS_DIR; };
		E0438F7316007D86009B2BA6 /* UIKit.framework */ = {isa = PBXFileReference; lastKnownFileType = wrapper.framework; name = UIKit.framework; path = System/Library/Frameworks/UIKit.framework; sourceTree = SDKROOT; };
		E0438F7516007D86009B2BA6 /* Foundation.framework */ = {isa = PBXFileReference; lastKnownFileType = wrapper.framework; name = Foundation.framework; path = System/Library/Frameworks/Foundation.framework; sourceTree = SDKROOT; };
		E0438F7716007D86009B2BA6 /* CoreGraphics.framework */ = {isa = PBXFileReference; lastKnownFileType = wrapper.framework; name = CoreGraphics.framework; path = System/Library/Frameworks/CoreGraphics.framework; sourceTree = SDKROOT; };
		E0438F7B16007D86009B2BA6 /* MSToolTips-Info.plist */ = {isa = PBXFileReference; lastKnownFileType = text.plist.xml; path = "MSToolTips-Info.plist"; sourceTree = "<group>"; };
		E0438F7D16007D86009B2BA6 /* en */ = {isa = PBXFileReference; lastKnownFileType = text.plist.strings; name = en; path = en.lproj/InfoPlist.strings; sourceTree = "<group>"; };
		E0438F7F16007D86009B2BA6 /* main.m */ = {isa = PBXFileReference; lastKnownFileType = sourcecode.c.objc; path = main.m; sourceTree = "<group>"; };
		E0438F8116007D86009B2BA6 /* MSToolTips-Prefix.pch */ = {isa = PBXFileReference; lastKnownFileType = sourcecode.c.h; path = "MSToolTips-Prefix.pch"; sourceTree = "<group>"; };
		E0438F8216007D86009B2BA6 /* AppDelegate.h */ = {isa = PBXFileReference; lastKnownFileType = sourcecode.c.h; path = AppDelegate.h; sourceTree = "<group>"; };
		E0438F8316007D86009B2BA6 /* AppDelegate.m */ = {isa = PBXFileReference; lastKnownFileType = sourcecode.c.objc; path = AppDelegate.m; sourceTree = "<group>"; };
		E0438F9016007E8D009B2BA6 /* YouTubeManager.h */ = {isa = PBXFileReference; fileEncoding = 4; lastKnownFileType = sourcecode.c.h; path = YouTubeManager.h; sourceTree = "<group>"; };
		E0438F9116007E8D009B2BA6 /* YouTubeManager.m */ = {isa = PBXFileReference; fileEncoding = 4; lastKnownFileType = sourcecode.c.objc; path = YouTubeManager.m; sourceTree = "<group>"; };
		E0438F9416007EA3009B2BA6 /* YouTubeVideo.h */ = {isa = PBXFileReference; fileEncoding = 4; lastKnownFileType = sourcecode.c.h; path = YouTubeVideo.h; sourceTree = "<group>"; };
		E0438F9516007EA3009B2BA6 /* YouTubeVideo.m */ = {isa = PBXFileReference; fileEncoding = 4; lastKnownFileType = sourcecode.c.objc; path = YouTubeVideo.m; sourceTree = "<group>"; };
		E0438F9716007F98009B2BA6 /* DownloadManager.h */ = {isa = PBXFileReference; fileEncoding = 4; lastKnownFileType = sourcecode.c.h; path = DownloadManager.h; sourceTree = "<group>"; };
		E0438F9816007F98009B2BA6 /* DownloadManager.m */ = {isa = PBXFileReference; fileEncoding = 4; lastKnownFileType = sourcecode.c.objc; path = DownloadManager.m; sourceTree = "<group>"; };
		E0438F9A16007FA7009B2BA6 /* DownloadOperation.h */ = {isa = PBXFileReference; fileEncoding = 4; lastKnownFileType = sourcecode.c.h; path = DownloadOperation.h; sourceTree = "<group>"; };
		E0438F9B16007FA7009B2BA6 /* DownloadOperation.m */ = {isa = PBXFileReference; fileEncoding = 4; lastKnownFileType = sourcecode.c.objc; path = DownloadOperation.m; sourceTree = "<group>"; };
		E0438FB816008021009B2BA6 /* DownloadDelegate.h */ = {isa = PBXFileReference; fileEncoding = 4; lastKnownFileType = sourcecode.c.h; path = DownloadDelegate.h; sourceTree = "<group>"; };
		E0438FBA160090D6009B2BA6 /* YouTubeViewController.h */ = {isa = PBXFileReference; fileEncoding = 4; lastKnownFileType = sourcecode.c.h; path = YouTubeViewController.h; sourceTree = "<group>"; };
		E0438FBB160090D6009B2BA6 /* YouTubeViewController.m */ = {isa = PBXFileReference; fileEncoding = 4; lastKnownFileType = sourcecode.c.objc; path = YouTubeViewController.m; sourceTree = "<group>"; };
		E0438FBC160090D6009B2BA6 /* YouTubeViewController.xib */ = {isa = PBXFileReference; fileEncoding = 4; lastKnownFileType = file.xib; path = YouTubeViewController.xib; sourceTree = "<group>"; };
		E0438FC0160092B0009B2BA6 /* LocalFileViewController.h */ = {isa = PBXFileReference; fileEncoding = 4; lastKnownFileType = sourcecode.c.h; path = LocalFileViewController.h; sourceTree = "<group>"; };
		E0438FC1160092B0009B2BA6 /* LocalFileViewController.m */ = {isa = PBXFileReference; fileEncoding = 4; lastKnownFileType = sourcecode.c.objc; path = LocalFileViewController.m; sourceTree = "<group>"; };
		E0438FC2160092B0009B2BA6 /* LocalFileViewController.xib */ = {isa = PBXFileReference; fileEncoding = 4; lastKnownFileType = file.xib; path = LocalFileViewController.xib; sourceTree = "<group>"; };
		E0438FC716009C17009B2BA6 /* File.json */ = {isa = PBXFileReference; fileEncoding = 4; lastKnownFileType = text.json; path = File.json; sourceTree = "<group>"; };
		E0438FCC16009F3B009B2BA6 /* LBYouTubePlayerController.h */ = {isa = PBXFileReference; fileEncoding = 4; lastKnownFileType = sourcecode.c.h; path = LBYouTubePlayerController.h; sourceTree = "<group>"; };
		E0438FCD16009F3B009B2BA6 /* LBYouTubePlayerController.m */ = {isa = PBXFileReference; fileEncoding = 4; lastKnownFileType = sourcecode.c.objc; path = LBYouTubePlayerController.m; sourceTree = "<group>"; };
		E0438FCE16009F3B009B2BA6 /* LBYouTubePlayerViewController.h */ = {isa = PBXFileReference; fileEncoding = 4; lastKnownFileType = sourcecode.c.h; path = LBYouTubePlayerViewController.h; sourceTree = "<group>"; };
		E0438FCF16009F3B009B2BA6 /* LBYouTubePlayerViewController.m */ = {isa = PBXFileReference; fileEncoding = 4; lastKnownFileType = sourcecode.c.objc; path = LBYouTubePlayerViewController.m; sourceTree = "<group>"; };
		E0438FD416009FBB009B2BA6 /* CHANGELOG.md */ = {isa = PBXFileReference; fileEncoding = 4; lastKnownFileType = text; path = CHANGELOG.md; sourceTree = "<group>"; };
		E0438FD516009FBB009B2BA6 /* JSONKit.h */ = {isa = PBXFileReference; fileEncoding = 4; lastKnownFileType = sourcecode.c.h; path = JSONKit.h; sourceTree = "<group>"; };
		E0438FD616009FBB009B2BA6 /* JSONKit.m */ = {isa = PBXFileReference; fileEncoding = 4; lastKnownFileType = sourcecode.c.objc; path = JSONKit.m; sourceTree = "<group>"; };
		E0438FD716009FBB009B2BA6 /* README.md */ = {isa = PBXFileReference; fileEncoding = 4; lastKnownFileType = text; path = README.md; sourceTree = "<group>"; };
		E0438FDB16009FE8009B2BA6 /* MediaPlayer.framework */ = {isa = PBXFileReference; lastKnownFileType = wrapper.framework; name = MediaPlayer.framework; path = System/Library/Frameworks/MediaPlayer.framework; sourceTree = SDKROOT; };
		E04CD61E161C599500B74BA7 /* DebuggerViewController.h */ = {isa = PBXFileReference; fileEncoding = 4; lastKnownFileType = sourcecode.c.h; path = DebuggerViewController.h; sourceTree = "<group>"; };
		E04CD61F161C599500B74BA7 /* DebuggerViewController.m */ = {isa = PBXFileReference; fileEncoding = 4; lastKnownFileType = sourcecode.c.objc; path = DebuggerViewController.m; sourceTree = "<group>"; };
		E04CD621161C59AD00B74BA7 /* DebuggerDetailViewController.h */ = {isa = PBXFileReference; fileEncoding = 4; lastKnownFileType = sourcecode.c.h; path = DebuggerDetailViewController.h; sourceTree = "<group>"; };
		E04CD622161C59AD00B74BA7 /* DebuggerDetailViewController.m */ = {isa = PBXFileReference; fileEncoding = 4; lastKnownFileType = sourcecode.c.objc; path = DebuggerDetailViewController.m; sourceTree = "<group>"; };
		E04CD623161C59AD00B74BA7 /* DebuggerDetailViewController.xib */ = {isa = PBXFileReference; fileEncoding = 4; lastKnownFileType = file.xib; path = DebuggerDetailViewController.xib; sourceTree = "<group>"; };
		E08825E5163847B700245078 /* SampleLoadViewController.h */ = {isa = PBXFileReference; fileEncoding = 4; lastKnownFileType = sourcecode.c.h; path = SampleLoadViewController.h; sourceTree = "<group>"; };
		E08825E6163847B700245078 /* SampleLoadViewController.m */ = {isa = PBXFileReference; fileEncoding = 4; lastKnownFileType = sourcecode.c.objc; path = SampleLoadViewController.m; sourceTree = "<group>"; };
		E08825E8163847DA00245078 /* SampleLoad.json */ = {isa = PBXFileReference; fileEncoding = 4; lastKnownFileType = text.json; path = SampleLoad.json; sourceTree = "<group>"; };
		E08825EA16384B3700245078 /* Contact.h */ = {isa = PBXFileReference; fileEncoding = 4; lastKnownFileType = sourcecode.c.h; path = Contact.h; sourceTree = "<group>"; };
		E08825EB16384B3800245078 /* Contact.m */ = {isa = PBXFileReference; fileEncoding = 4; lastKnownFileType = sourcecode.c.objc; path = Contact.m; sourceTree = "<group>"; };
		E0AB10F1161B126700FCC53C /* PerformancesViewController.h */ = {isa = PBXFileReference; fileEncoding = 4; lastKnownFileType = sourcecode.c.h; path = PerformancesViewController.h; sourceTree = "<group>"; };
		E0AB10F2161B126700FCC53C /* PerformancesViewController.m */ = {isa = PBXFileReference; fileEncoding = 4; lastKnownFileType = sourcecode.c.objc; path = PerformancesViewController.m; sourceTree = "<group>"; };
		E0AB10F5161B128900FCC53C /* PerformanceCell.h */ = {isa = PBXFileReference; fileEncoding = 4; lastKnownFileType = sourcecode.c.h; path = PerformanceCell.h; sourceTree = "<group>"; };
		E0AB10F6161B128900FCC53C /* PerformanceCell.m */ = {isa = PBXFileReference; fileEncoding = 4; lastKnownFileType = sourcecode.c.objc; path = PerformanceCell.m; sourceTree = "<group>"; };
		E0BA0D66161A4ACF00CA32D5 /* WineViewController.h */ = {isa = PBXFileReference; fileEncoding = 4; lastKnownFileType = sourcecode.c.h; path = WineViewController.h; sourceTree = "<group>"; };
		E0BA0D67161A4ACF00CA32D5 /* WineViewController.m */ = {isa = PBXFileReference; fileEncoding = 4; lastKnownFileType = sourcecode.c.objc; path = WineViewController.m; sourceTree = "<group>"; };
		E0BA0D6E161A4DFA00CA32D5 /* iCarousel.h */ = {isa = PBXFileReference; fileEncoding = 4; lastKnownFileType = sourcecode.c.h; path = iCarousel.h; sourceTree = "<group>"; };
		E0BA0D6F161A4DFA00CA32D5 /* iCarousel.m */ = {isa = PBXFileReference; fileEncoding = 4; lastKnownFileType = sourcecode.c.objc; path = iCarousel.m; sourceTree = "<group>"; };
		E0BA0D71161A4E0800CA32D5 /* QuartzCore.framework */ = {isa = PBXFileReference; lastKnownFileType = wrapper.framework; name = QuartzCore.framework; path = System/Library/Frameworks/QuartzCore.framework; sourceTree = SDKROOT; };
		E0BA0D73161A4F7B00CA32D5 /* bouteille.png */ = {isa = PBXFileReference; lastKnownFileType = image.png; path = bouteille.png; sourceTree = "<group>"; };
		E0BA0D74161A4F7B00CA32D5 /* bouteille@2x.png */ = {isa = PBXFileReference; lastKnownFileType = image.png; path = "bouteille@2x.png"; sourceTree = "<group>"; };
/* End PBXFileReference section */

/* Begin PBXFrameworksBuildPhase section */
		E0438F6C16007D86009B2BA6 /* Frameworks */ = {
			isa = PBXFrameworksBuildPhase;
			buildActionMask = 2147483647;
			files = (
				E0BA0D72161A4E0800CA32D5 /* QuartzCore.framework in Frameworks */,
				E0438FDC16009FE8009B2BA6 /* MediaPlayer.framework in Frameworks */,
				E0438F7416007D86009B2BA6 /* UIKit.framework in Frameworks */,
				E0438F7616007D86009B2BA6 /* Foundation.framework in Frameworks */,
				E0438F7816007D86009B2BA6 /* CoreGraphics.framework in Frameworks */,
			);
			runOnlyForDeploymentPostprocessing = 0;
		};
/* End PBXFrameworksBuildPhase section */

/* Begin PBXGroup section */
		E0438F6416007D86009B2BA6 = {
			isa = PBXGroup;
			children = (
				E0438F7916007D86009B2BA6 /* MSToolTips */,
				E0438F7216007D86009B2BA6 /* Frameworks */,
				E0438F7016007D86009B2BA6 /* Products */,
			);
			sourceTree = "<group>";
		};
		E0438F7016007D86009B2BA6 /* Products */ = {
			isa = PBXGroup;
			children = (
				E0438F6F16007D86009B2BA6 /* MSToolTips.app */,
			);
			name = Products;
			sourceTree = "<group>";
		};
		E0438F7216007D86009B2BA6 /* Frameworks */ = {
			isa = PBXGroup;
			children = (
				E0BA0D71161A4E0800CA32D5 /* QuartzCore.framework */,
				E0438FDB16009FE8009B2BA6 /* MediaPlayer.framework */,
				E0438F7316007D86009B2BA6 /* UIKit.framework */,
				E0438F7516007D86009B2BA6 /* Foundation.framework */,
				E0438F7716007D86009B2BA6 /* CoreGraphics.framework */,
			);
			name = Frameworks;
			sourceTree = "<group>";
		};
		E0438F7916007D86009B2BA6 /* MSToolTips */ = {
			isa = PBXGroup;
			children = (
				E04CD629161C59C800B74BA7 /* Tab bar Items */,
				E0438FC916009E1E009B2BA6 /* Third party */,
				E0438F9D16007FAF009B2BA6 /* Download is easy */,
				E0438F8216007D86009B2BA6 /* AppDelegate.h */,
				E0438F8316007D86009B2BA6 /* AppDelegate.m */,
				E0438F7A16007D86009B2BA6 /* Supporting Files */,
			);
			path = MSToolTips;
			sourceTree = "<group>";
		};
		E0438F7A16007D86009B2BA6 /* Supporting Files */ = {
			isa = PBXGroup;
			children = (
				E0438F7B16007D86009B2BA6 /* MSToolTips-Info.plist */,
				E0438F7C16007D86009B2BA6 /* InfoPlist.strings */,
				E0438F7F16007D86009B2BA6 /* main.m */,
				E0438F8116007D86009B2BA6 /* MSToolTips-Prefix.pch */,
			);
			name = "Supporting Files";
			sourceTree = "<group>";
		};
		E0438F8E16007E5C009B2BA6 /* YouTube */ = {
			isa = PBXGroup;
			children = (
				E0438FB9160090B9009B2BA6 /* Controller */,
				E0438F8F16007E6E009B2BA6 /* Model */,
			);
			name = YouTube;
			sourceTree = "<group>";
		};
		E0438F8F16007E6E009B2BA6 /* Model */ = {
			isa = PBXGroup;
			children = (
				E0438F9016007E8D009B2BA6 /* YouTubeManager.h */,
				E0438F9116007E8D009B2BA6 /* YouTubeManager.m */,
				E0438F9416007EA3009B2BA6 /* YouTubeVideo.h */,
				E0438F9516007EA3009B2BA6 /* YouTubeVideo.m */,
			);
			name = Model;
			sourceTree = "<group>";
		};
		E0438F9D16007FAF009B2BA6 /* Download is easy */ = {
			isa = PBXGroup;
			children = (
				E0438F9716007F98009B2BA6 /* DownloadManager.h */,
				E0438F9816007F98009B2BA6 /* DownloadManager.m */,
				E0438F9A16007FA7009B2BA6 /* DownloadOperation.h */,
				E0438F9B16007FA7009B2BA6 /* DownloadOperation.m */,
				E0438FB816008021009B2BA6 /* DownloadDelegate.h */,
			);
			name = "Download is easy";
			sourceTree = "<group>";
		};
		E0438FB9160090B9009B2BA6 /* Controller */ = {
			isa = PBXGroup;
			children = (
				E0438FBA160090D6009B2BA6 /* YouTubeViewController.h */,
				E0438FBB160090D6009B2BA6 /* YouTubeViewController.m */,
				E0438FBC160090D6009B2BA6 /* YouTubeViewController.xib */,
			);
			name = Controller;
			sourceTree = "<group>";
		};
		E0438FBF16009245009B2BA6 /* Local data */ = {
			isa = PBXGroup;
			children = (
				E0438FC0160092B0009B2BA6 /* LocalFileViewController.h */,
				E0438FC1160092B0009B2BA6 /* LocalFileViewController.m */,
				E0438FC2160092B0009B2BA6 /* LocalFileViewController.xib */,
				E0438FC716009C17009B2BA6 /* File.json */,
			);
			name = "Local data";
			sourceTree = "<group>";
		};
		E0438FC916009E1E009B2BA6 /* Third party */ = {
			isa = PBXGroup;
			children = (
				E0BA0D6D161A4DFA00CA32D5 /* iCarousel */,
				E0438FD316009FBB009B2BA6 /* JSONKit */,
				E0438FCA16009EBF009B2BA6 /* LBYoutube */,
			);
			name = "Third party";
			sourceTree = "<group>";
		};
		E0438FCA16009EBF009B2BA6 /* LBYoutube */ = {
			isa = PBXGroup;
			children = (
				E0438FCB16009F3B009B2BA6 /* LBYouTubePlayerController */,
			);
			name = LBYoutube;
			sourceTree = "<group>";
		};
		E0438FCB16009F3B009B2BA6 /* LBYouTubePlayerController */ = {
			isa = PBXGroup;
			children = (
				E0438FCC16009F3B009B2BA6 /* LBYouTubePlayerController.h */,
				E0438FCD16009F3B009B2BA6 /* LBYouTubePlayerController.m */,
				E0438FCE16009F3B009B2BA6 /* LBYouTubePlayerViewController.h */,
				E0438FCF16009F3B009B2BA6 /* LBYouTubePlayerViewController.m */,
			);
			name = LBYouTubePlayerController;
			path = vendor/LBYoutubeView/LBYouTubePlayerController;
			sourceTree = SOURCE_ROOT;
		};
		E0438FD316009FBB009B2BA6 /* JSONKit */ = {
			isa = PBXGroup;
			children = (
				E0438FD416009FBB009B2BA6 /* CHANGELOG.md */,
				E0438FD516009FBB009B2BA6 /* JSONKit.h */,
				E0438FD616009FBB009B2BA6 /* JSONKit.m */,
				E0438FD716009FBB009B2BA6 /* README.md */,
			);
			name = JSONKit;
			path = vendor/LBYoutubeView/Submodules/JSONKit;
			sourceTree = SOURCE_ROOT;
		};
		E04CD61C161C595B00B74BA7 /* Debugger */ = {
			isa = PBXGroup;
			children = (
				E04CD61E161C599500B74BA7 /* DebuggerViewController.h */,
				E04CD61F161C599500B74BA7 /* DebuggerViewController.m */,
				E04CD621161C59AD00B74BA7 /* DebuggerDetailViewController.h */,
				E04CD622161C59AD00B74BA7 /* DebuggerDetailViewController.m */,
				E04CD623161C59AD00B74BA7 /* DebuggerDetailViewController.xib */,
			);
			name = Debugger;
			sourceTree = "<group>";
		};
		E04CD629161C59C800B74BA7 /* Tab bar Items */ = {
			isa = PBXGroup;
			children = (
				E08825E31638477700245078 /* Sample Load File */,
				E0438F8E16007E5C009B2BA6 /* YouTube */,
				E0BA0D64161A4AA300CA32D5 /* Wine views */,
				E0438FBF16009245009B2BA6 /* Local data */,
				E0AB10EF161B124A00FCC53C /* Debug */,
			);
			name = "Tab bar Items";
			sourceTree = "<group>";
		};
		E08825E31638477700245078 /* Sample Load File */ = {
			isa = PBXGroup;
			children = (
				E08825E5163847B700245078 /* SampleLoadViewController.h */,
				E08825E6163847B700245078 /* SampleLoadViewController.m */,
				E08825E8163847DA00245078 /* SampleLoad.json */,
				E08825EA16384B3700245078 /* Contact.h */,
				E08825EB16384B3800245078 /* Contact.m */,
			);
			name = "Sample Load File";
			sourceTree = "<group>";
		};
		E0AB10EF161B124A00FCC53C /* Debug */ = {
			isa = PBXGroup;
			children = (
				E04CD61C161C595B00B74BA7 /* Debugger */,
				E0AB10F4161B126E00FCC53C /* Performances */,
			);
			name = Debug;
			sourceTree = "<group>";
		};
		E0AB10F4161B126E00FCC53C /* Performances */ = {
			isa = PBXGroup;
			children = (
				E0AB10F1161B126700FCC53C /* PerformancesViewController.h */,
				E0AB10F2161B126700FCC53C /* PerformancesViewController.m */,
				E0AB10F5161B128900FCC53C /* PerformanceCell.h */,
				E0AB10F6161B128900FCC53C /* PerformanceCell.m */,
			);
			name = Performances;
			sourceTree = "<group>";
		};
		E0BA0D64161A4AA300CA32D5 /* Wine views */ = {
			isa = PBXGroup;
			children = (
				E0BA0D73161A4F7B00CA32D5 /* bouteille.png */,
				E0BA0D74161A4F7B00CA32D5 /* bouteille@2x.png */,
				E0BA0D66161A4ACF00CA32D5 /* WineViewController.h */,
				E0BA0D67161A4ACF00CA32D5 /* WineViewController.m */,
			);
			name = "Wine views";
			sourceTree = "<group>";
		};
		E0BA0D6D161A4DFA00CA32D5 /* iCarousel */ = {
			isa = PBXGroup;
			children = (
				E0BA0D6E161A4DFA00CA32D5 /* iCarousel.h */,
				E0BA0D6F161A4DFA00CA32D5 /* iCarousel.m */,
			);
			name = iCarousel;
			path = vendor/iCarousel/iCarousel;
			sourceTree = SOURCE_ROOT;
		};
/* End PBXGroup section */

/* Begin PBXNativeTarget section */
		E0438F6E16007D86009B2BA6 /* MSToolTips */ = {
			isa = PBXNativeTarget;
			buildConfigurationList = E0438F8716007D86009B2BA6 /* Build configuration list for PBXNativeTarget "MSToolTips" */;
			buildPhases = (
				E0438F6B16007D86009B2BA6 /* Sources */,
				E0438F6C16007D86009B2BA6 /* Frameworks */,
				E0438F6D16007D86009B2BA6 /* Resources */,
			);
			buildRules = (
			);
			dependencies = (
			);
			name = MSToolTips;
			productName = MSToolTips;
			productReference = E0438F6F16007D86009B2BA6 /* MSToolTips.app */;
			productType = "com.apple.product-type.application";
		};
/* End PBXNativeTarget section */

/* Begin PBXProject section */
		E0438F6616007D86009B2BA6 /* Project object */ = {
			isa = PBXProject;
			attributes = {
				LastUpgradeCheck = 0440;
				ORGANIZATIONNAME = "Marian Paul";
			};
			buildConfigurationList = E0438F6916007D86009B2BA6 /* Build configuration list for PBXProject "MSToolTips" */;
			compatibilityVersion = "Xcode 3.2";
			developmentRegion = English;
			hasScannedForEncodings = 0;
			knownRegions = (
				en,
			);
			mainGroup = E0438F6416007D86009B2BA6;
			productRefGroup = E0438F7016007D86009B2BA6 /* Products */;
			projectDirPath = "";
			projectRoot = "";
			targets = (
				E0438F6E16007D86009B2BA6 /* MSToolTips */,
			);
		};
/* End PBXProject section */

/* Begin PBXResourcesBuildPhase section */
		E0438F6D16007D86009B2BA6 /* Resources */ = {
			isa = PBXResourcesBuildPhase;
			buildActionMask = 2147483647;
			files = (
				E0438F7E16007D86009B2BA6 /* InfoPlist.strings in Resources */,
				E0438FBE160090D6009B2BA6 /* YouTubeViewController.xib in Resources */,
				E0438FC4160092B0009B2BA6 /* LocalFileViewController.xib in Resources */,
				E0438FC816009C17009B2BA6 /* File.json in Resources */,
				E0438FD816009FBB009B2BA6 /* CHANGELOG.md in Resources */,
				E0438FDA16009FBB009B2BA6 /* README.md in Resources */,
				E0BA0D75161A4F7B00CA32D5 /* bouteille.png in Resources */,
				E0BA0D76161A4F7B00CA32D5 /* bouteille@2x.png in Resources */,
				E04CD625161C59AD00B74BA7 /* DebuggerDetailViewController.xib in Resources */,
				E08825E9163847DA00245078 /* SampleLoad.json in Resources */,
			);
			runOnlyForDeploymentPostprocessing = 0;
		};
/* End PBXResourcesBuildPhase section */

/* Begin PBXSourcesBuildPhase section */
		E0438F6B16007D86009B2BA6 /* Sources */ = {
			isa = PBXSourcesBuildPhase;
			buildActionMask = 2147483647;
			files = (
				E0438F8016007D86009B2BA6 /* main.m in Sources */,
				E0438F8416007D86009B2BA6 /* AppDelegate.m in Sources */,
				E0438F9216007E8D009B2BA6 /* YouTubeManager.m in Sources */,
				E0438F9616007EA3009B2BA6 /* YouTubeVideo.m in Sources */,
				E0438F9916007F98009B2BA6 /* DownloadManager.m in Sources */,
				E0438F9C16007FA7009B2BA6 /* DownloadOperation.m in Sources */,
				E0438FBD160090D6009B2BA6 /* YouTubeViewController.m in Sources */,
				E0438FC3160092B0009B2BA6 /* LocalFileViewController.m in Sources */,
				E0438FD016009F3B009B2BA6 /* LBYouTubePlayerController.m in Sources */,
				E0438FD116009F3B009B2BA6 /* LBYouTubePlayerViewController.m in Sources */,
				E0438FD916009FBB009B2BA6 /* JSONKit.m in Sources */,
				E0BA0D68161A4ACF00CA32D5 /* WineViewController.m in Sources */,
				E0BA0D70161A4DFA00CA32D5 /* iCarousel.m in Sources */,
				E0AB10F3161B126700FCC53C /* PerformancesViewController.m in Sources */,
				E0AB10F7161B128900FCC53C /* PerformanceCell.m in Sources */,
				E04CD620161C599500B74BA7 /* DebuggerViewController.m in Sources */,
				E04CD624161C59AD00B74BA7 /* DebuggerDetailViewController.m in Sources */,
				E08825E7163847B700245078 /* SampleLoadViewController.m in Sources */,
				E08825EC16384B3800245078 /* Contact.m in Sources */,
			);
			runOnlyForDeploymentPostprocessing = 0;
		};
/* End PBXSourcesBuildPhase section */

/* Begin PBXVariantGroup section */
		E0438F7C16007D86009B2BA6 /* InfoPlist.strings */ = {
			isa = PBXVariantGroup;
			children = (
				E0438F7D16007D86009B2BA6 /* en */,
			);
			name = InfoPlist.strings;
			sourceTree = "<group>";
		};
/* End PBXVariantGroup section */

/* Begin XCBuildConfiguration section */
		E0438F8516007D86009B2BA6 /* Debug */ = {
			isa = XCBuildConfiguration;
			buildSettings = {
				ALWAYS_SEARCH_USER_PATHS = NO;
				ARCHS = "$(ARCHS_STANDARD_32_BIT)";
				CLANG_CXX_LANGUAGE_STANDARD = "gnu++0x";
				CLANG_ENABLE_OBJC_ARC = YES;
				CLANG_WARN__DUPLICATE_METHOD_MATCH = YES;
				"CODE_SIGN_IDENTITY[sdk=iphoneos*]" = "iPhone Developer";
				COPY_PHASE_STRIP = NO;
				GCC_C_LANGUAGE_STANDARD = gnu99;
				GCC_DYNAMIC_NO_PIC = NO;
				GCC_OPTIMIZATION_LEVEL = 0;
				GCC_PREPROCESSOR_DEFINITIONS = (
					"DEBUG=1",
					"$(inherited)",
				);
				GCC_SYMBOLS_PRIVATE_EXTERN = NO;
				GCC_VERSION = com.apple.compilers.llvm.clang.1_0;
				GCC_WARN_ABOUT_RETURN_TYPE = YES;
				GCC_WARN_UNINITIALIZED_AUTOS = YES;
				GCC_WARN_UNUSED_VARIABLE = YES;
				IPHONEOS_DEPLOYMENT_TARGET = 5.1;
				SDKROOT = iphoneos;
			};
			name = Debug;
		};
		E0438F8616007D86009B2BA6 /* Release */ = {
			isa = XCBuildConfiguration;
			buildSettings = {
				ALWAYS_SEARCH_USER_PATHS = NO;
				ARCHS = "$(ARCHS_STANDARD_32_BIT)";
				CLANG_CXX_LANGUAGE_STANDARD = "gnu++0x";
				CLANG_ENABLE_OBJC_ARC = YES;
				CLANG_WARN__DUPLICATE_METHOD_MATCH = YES;
				"CODE_SIGN_IDENTITY[sdk=iphoneos*]" = "iPhone Developer";
				COPY_PHASE_STRIP = YES;
				GCC_C_LANGUAGE_STANDARD = gnu99;
				GCC_VERSION = com.apple.compilers.llvm.clang.1_0;
				GCC_WARN_ABOUT_RETURN_TYPE = YES;
				GCC_WARN_UNINITIALIZED_AUTOS = YES;
				GCC_WARN_UNUSED_VARIABLE = YES;
				IPHONEOS_DEPLOYMENT_TARGET = 5.1;
				OTHER_CFLAGS = "-DNS_BLOCK_ASSERTIONS=1";
				SDKROOT = iphoneos;
				VALIDATE_PRODUCT = YES;
			};
			name = Release;
		};
		E0438F8816007D86009B2BA6 /* Debug */ = {
			isa = XCBuildConfiguration;
			buildSettings = {
				GCC_PRECOMPILE_PREFIX_HEADER = YES;
				GCC_PREFIX_HEADER = "MSToolTips/MSToolTips-Prefix.pch";
				INFOPLIST_FILE = "MSToolTips/MSToolTips-Info.plist";
				PRODUCT_NAME = "$(TARGET_NAME)";
				WRAPPER_EXTENSION = app;
			};
			name = Debug;
		};
		E0438F8916007D86009B2BA6 /* Release */ = {
			isa = XCBuildConfiguration;
			buildSettings = {
				GCC_PRECOMPILE_PREFIX_HEADER = YES;
				GCC_PREFIX_HEADER = "MSToolTips/MSToolTips-Prefix.pch";
				INFOPLIST_FILE = "MSToolTips/MSToolTips-Info.plist";
				PRODUCT_NAME = "$(TARGET_NAME)";
				WRAPPER_EXTENSION = app;
			};
			name = Release;
		};
/* End XCBuildConfiguration section */

/* Begin XCConfigurationList section */
		E0438F6916007D86009B2BA6 /* Build configuration list for PBXProject "MSToolTips" */ = {
			isa = XCConfigurationList;
			buildConfigurations = (
				E0438F8516007D86009B2BA6 /* Debug */,
				E0438F8616007D86009B2BA6 /* Release */,
			);
			defaultConfigurationIsVisible = 0;
			defaultConfigurationName = Release;
		};
		E0438F8716007D86009B2BA6 /* Build configuration list for PBXNativeTarget "MSToolTips" */ = {
			isa = XCConfigurationList;
			buildConfigurations = (
				E0438F8816007D86009B2BA6 /* Debug */,
				E0438F8916007D86009B2BA6 /* Release */,
			);
			defaultConfigurationIsVisible = 0;
			defaultConfigurationName = Release;
		};
/* End XCConfigurationList section */
	};
	rootObject = E0438F6616007D86009B2BA6 /* Project object */;
}
